
Microsoft Visual Studio Solution File, Format Version 12.00
# Visual Studio Version 16
VisualStudioVersion = 16.0.30907.101
MinimumVisualStudioVersion = 10.0.40219.1
Project("{9A19103F-16F7-4668-BE54-9A1E7A4F7556}") = "Analysis.Tests", "Analysis.Tests\Analysis.Tests.csproj", "{A08AA65C-7E2F-4935-A112-528AF3ACDA8E}"
EndProject
Project("{9A19103F-16F7-4668-BE54-9A1E7A4F7556}") = "Analysis", "Analysis\Analysis.csproj", "{DE8C0738-1B77-48F1-B8D8-B4AEAFEEF158}"
EndProject
Project("{9A19103F-16F7-4668-BE54-9A1E7A4F7556}") = "Benchmark", "Benchmark\Benchmark.csproj", "{2965D962-1FF3-4CC7-BA04-CB1300462AEA}"
EndProject
Project("{9A19103F-16F7-4668-BE54-9A1E7A4F7556}") = "MemoryProfilingRig", "MemoryProfilingRig\MemoryProfilingRig.csproj", "{157FF3E0-8FBD-45B0-A322-4EFE7E16F6F8}"
EndProject
Project("{9A19103F-16F7-4668-BE54-9A1E7A4F7556}") = "AnalyzerBuilder", "AnalyzerBuilder\AnalyzerBuilder.csproj", "{1B10422E-0A51-4731-88BF-A42FAC37B023}"
EndProject
Project("{2150E333-8FDC-42A3-9474-1A3956D46DE8}") = "Ai", "Ai", "{7183B3F5-016D-4CA3-A1E6-542C1ED46369}"
EndProject
Project("{9A19103F-16F7-4668-BE54-9A1E7A4F7556}") = "GameEngine.Tests", "GameEngine.Tests\GameEngine.Tests.csproj", "{6EA4EBDA-E74F-400E-9142-D9D561DCC435}"
EndProject
Project("{9A19103F-16F7-4668-BE54-9A1E7A4F7556}") = "ConsoleFrontend", "Ai\ConsoleFrontend\ConsoleFrontend.csproj", "{3DD3DC43-BA49-4859-8C34-A2B41096BDE6}"
EndProject
Project("{9A19103F-16F7-4668-BE54-9A1E7A4F7556}") = "Game", "Ai\Game\Game.csproj", "{49E34C24-0920-41DF-BC8D-3791830863CA}"
EndProject
Project("{9A19103F-16F7-4668-BE54-9A1E7A4F7556}") = "GraphicalFrontend", "Ai\GraphicalFrontend\GraphicalFrontend.csproj", "{DA39FB0C-84B3-4948-94C5-D292743BEC5D}"
EndProject
Project("{9A19103F-16F7-4668-BE54-9A1E7A4F7556}") = "SimpleAi", "Ai\SimpleAi\SimpleAi.csproj", "{B89B1568-580F-4E77-AF4E-8E6F1B181A3D}"
EndProject
Project("{2150E333-8FDC-42A3-9474-1A3956D46DE8}") = "Tools", "Tools", "{4C139521-1C5B-4CCA-BA97-3C26623CE91F}"
	ProjectSection(SolutionItems) = preProject
		Tools\CompressedReplayCreator\CompressedReplayCreator.csproj = Tools\CompressedReplayCreator\CompressedReplayCreator.csproj
		Tools\ReplayBundleCreator\ReplayBundleCreator.csproj = Tools\ReplayBundleCreator\ReplayBundleCreator.csproj
	EndProjectSection
EndProject
Global
	GlobalSection(SolutionConfigurationPlatforms) = preSolution
		Debug|Any CPU = Debug|Any CPU
		Debug|x64 = Debug|x64
		Debug|x86 = Debug|x86
		Release|Any CPU = Release|Any CPU
		Release|x64 = Release|x64
		Release|x86 = Release|x86
	EndGlobalSection
	GlobalSection(ProjectConfigurationPlatforms) = postSolution
		{A08AA65C-7E2F-4935-A112-528AF3ACDA8E}.Debug|Any CPU.ActiveCfg = Debug|Any CPU
		{A08AA65C-7E2F-4935-A112-528AF3ACDA8E}.Debug|Any CPU.Build.0 = Debug|Any CPU
		{A08AA65C-7E2F-4935-A112-528AF3ACDA8E}.Debug|x64.ActiveCfg = Debug|Any CPU
		{A08AA65C-7E2F-4935-A112-528AF3ACDA8E}.Debug|x64.Build.0 = Debug|Any CPU
		{A08AA65C-7E2F-4935-A112-528AF3ACDA8E}.Debug|x86.ActiveCfg = Debug|Any CPU
		{A08AA65C-7E2F-4935-A112-528AF3ACDA8E}.Debug|x86.Build.0 = Debug|Any CPU
		{A08AA65C-7E2F-4935-A112-528AF3ACDA8E}.Release|Any CPU.ActiveCfg = Release|Any CPU
		{A08AA65C-7E2F-4935-A112-528AF3ACDA8E}.Release|Any CPU.Build.0 = Release|Any CPU
		{A08AA65C-7E2F-4935-A112-528AF3ACDA8E}.Release|x64.ActiveCfg = Release|Any CPU
		{A08AA65C-7E2F-4935-A112-528AF3ACDA8E}.Release|x64.Build.0 = Release|Any CPU
		{A08AA65C-7E2F-4935-A112-528AF3ACDA8E}.Release|x86.ActiveCfg = Release|Any CPU
		{A08AA65C-7E2F-4935-A112-528AF3ACDA8E}.Release|x86.Build.0 = Release|Any CPU
		{DE8C0738-1B77-48F1-B8D8-B4AEAFEEF158}.Debug|Any CPU.ActiveCfg = Debug|Any CPU
		{DE8C0738-1B77-48F1-B8D8-B4AEAFEEF158}.Debug|Any CPU.Build.0 = Debug|Any CPU
		{DE8C0738-1B77-48F1-B8D8-B4AEAFEEF158}.Debug|x64.ActiveCfg = Debug|Any CPU
		{DE8C0738-1B77-48F1-B8D8-B4AEAFEEF158}.Debug|x64.Build.0 = Debug|Any CPU
		{DE8C0738-1B77-48F1-B8D8-B4AEAFEEF158}.Debug|x86.ActiveCfg = Debug|Any CPU
		{DE8C0738-1B77-48F1-B8D8-B4AEAFEEF158}.Debug|x86.Build.0 = Debug|Any CPU
		{DE8C0738-1B77-48F1-B8D8-B4AEAFEEF158}.Release|Any CPU.ActiveCfg = Release|Any CPU
		{DE8C0738-1B77-48F1-B8D8-B4AEAFEEF158}.Release|Any CPU.Build.0 = Release|Any CPU
		{DE8C0738-1B77-48F1-B8D8-B4AEAFEEF158}.Release|x64.ActiveCfg = Release|Any CPU
		{DE8C0738-1B77-48F1-B8D8-B4AEAFEEF158}.Release|x64.Build.0 = Release|Any CPU
		{DE8C0738-1B77-48F1-B8D8-B4AEAFEEF158}.Release|x86.ActiveCfg = Release|Any CPU
		{DE8C0738-1B77-48F1-B8D8-B4AEAFEEF158}.Release|x86.Build.0 = Release|Any CPU
		{2965D962-1FF3-4CC7-BA04-CB1300462AEA}.Debug|Any CPU.ActiveCfg = Debug|Any CPU
		{2965D962-1FF3-4CC7-BA04-CB1300462AEA}.Debug|Any CPU.Build.0 = Debug|Any CPU
		{2965D962-1FF3-4CC7-BA04-CB1300462AEA}.Debug|x64.ActiveCfg = Debug|Any CPU
		{2965D962-1FF3-4CC7-BA04-CB1300462AEA}.Debug|x64.Build.0 = Debug|Any CPU
		{2965D962-1FF3-4CC7-BA04-CB1300462AEA}.Debug|x86.ActiveCfg = Debug|Any CPU
		{2965D962-1FF3-4CC7-BA04-CB1300462AEA}.Debug|x86.Build.0 = Debug|Any CPU
		{2965D962-1FF3-4CC7-BA04-CB1300462AEA}.Release|Any CPU.ActiveCfg = Release|Any CPU
		{2965D962-1FF3-4CC7-BA04-CB1300462AEA}.Release|Any CPU.Build.0 = Release|Any CPU
		{2965D962-1FF3-4CC7-BA04-CB1300462AEA}.Release|x64.ActiveCfg = Release|Any CPU
		{2965D962-1FF3-4CC7-BA04-CB1300462AEA}.Release|x64.Build.0 = Release|Any CPU
		{2965D962-1FF3-4CC7-BA04-CB1300462AEA}.Release|x86.ActiveCfg = Release|Any CPU
		{2965D962-1FF3-4CC7-BA04-CB1300462AEA}.Release|x86.Build.0 = Release|Any CPU
		{157FF3E0-8FBD-45B0-A322-4EFE7E16F6F8}.Debug|Any CPU.ActiveCfg = Debug|Any CPU
		{157FF3E0-8FBD-45B0-A322-4EFE7E16F6F8}.Debug|Any CPU.Build.0 = Debug|Any CPU
		{157FF3E0-8FBD-45B0-A322-4EFE7E16F6F8}.Debug|x64.ActiveCfg = Debug|Any CPU
		{157FF3E0-8FBD-45B0-A322-4EFE7E16F6F8}.Debug|x64.Build.0 = Debug|Any CPU
		{157FF3E0-8FBD-45B0-A322-4EFE7E16F6F8}.Debug|x86.ActiveCfg = Debug|Any CPU
		{157FF3E0-8FBD-45B0-A322-4EFE7E16F6F8}.Debug|x86.Build.0 = Debug|Any CPU
		{157FF3E0-8FBD-45B0-A322-4EFE7E16F6F8}.Release|Any CPU.ActiveCfg = Release|Any CPU
		{157FF3E0-8FBD-45B0-A322-4EFE7E16F6F8}.Release|Any CPU.Build.0 = Release|Any CPU
		{157FF3E0-8FBD-45B0-A322-4EFE7E16F6F8}.Release|x64.ActiveCfg = Release|Any CPU
		{157FF3E0-8FBD-45B0-A322-4EFE7E16F6F8}.Release|x64.Build.0 = Release|Any CPU
		{157FF3E0-8FBD-45B0-A322-4EFE7E16F6F8}.Release|x86.ActiveCfg = Release|Any CPU
		{157FF3E0-8FBD-45B0-A322-4EFE7E16F6F8}.Release|x86.Build.0 = Release|Any CPU
		{1B10422E-0A51-4731-88BF-A42FAC37B023}.Debug|Any CPU.ActiveCfg = Debug|Any CPU
		{1B10422E-0A51-4731-88BF-A42FAC37B023}.Debug|Any CPU.Build.0 = Debug|Any CPU
		{1B10422E-0A51-4731-88BF-A42FAC37B023}.Debug|x64.ActiveCfg = Debug|Any CPU
		{1B10422E-0A51-4731-88BF-A42FAC37B023}.Debug|x64.Build.0 = Debug|Any CPU
		{1B10422E-0A51-4731-88BF-A42FAC37B023}.Debug|x86.ActiveCfg = Debug|Any CPU
		{1B10422E-0A51-4731-88BF-A42FAC37B023}.Debug|x86.Build.0 = Debug|Any CPU
		{1B10422E-0A51-4731-88BF-A42FAC37B023}.Release|Any CPU.ActiveCfg = Release|Any CPU
		{1B10422E-0A51-4731-88BF-A42FAC37B023}.Release|Any CPU.Build.0 = Release|Any CPU
		{1B10422E-0A51-4731-88BF-A42FAC37B023}.Release|x64.ActiveCfg = Release|Any CPU
		{1B10422E-0A51-4731-88BF-A42FAC37B023}.Release|x64.Build.0 = Release|Any CPU
		{1B10422E-0A51-4731-88BF-A42FAC37B023}.Release|x86.ActiveCfg = Release|Any CPU
		{1B10422E-0A51-4731-88BF-A42FAC37B023}.Release|x86.Build.0 = Release|Any CPU
		{6EA4EBDA-E74F-400E-9142-D9D561DCC435}.Debug|Any CPU.ActiveCfg = Debug|Any CPU
		{6EA4EBDA-E74F-400E-9142-D9D561DCC435}.Debug|Any CPU.Build.0 = Debug|Any CPU
		{6EA4EBDA-E74F-400E-9142-D9D561DCC435}.Debug|x64.ActiveCfg = Debug|Any CPU
		{6EA4EBDA-E74F-400E-9142-D9D561DCC435}.Debug|x64.Build.0 = Debug|Any CPU
		{6EA4EBDA-E74F-400E-9142-D9D561DCC435}.Debug|x86.ActiveCfg = Debug|Any CPU
		{6EA4EBDA-E74F-400E-9142-D9D561DCC435}.Debug|x86.Build.0 = Debug|Any CPU
		{6EA4EBDA-E74F-400E-9142-D9D561DCC435}.Release|Any CPU.ActiveCfg = Release|Any CPU
		{6EA4EBDA-E74F-400E-9142-D9D561DCC435}.Release|Any CPU.Build.0 = Release|Any CPU
		{6EA4EBDA-E74F-400E-9142-D9D561DCC435}.Release|x64.ActiveCfg = Release|Any CPU
		{6EA4EBDA-E74F-400E-9142-D9D561DCC435}.Release|x64.Build.0 = Release|Any CPU
		{6EA4EBDA-E74F-400E-9142-D9D561DCC435}.Release|x86.ActiveCfg = Release|Any CPU
		{6EA4EBDA-E74F-400E-9142-D9D561DCC435}.Release|x86.Build.0 = Release|Any CPU
		{3DD3DC43-BA49-4859-8C34-A2B41096BDE6}.Debug|Any CPU.ActiveCfg = Debug|Any CPU
		{3DD3DC43-BA49-4859-8C34-A2B41096BDE6}.Debug|Any CPU.Build.0 = Debug|Any CPU
		{3DD3DC43-BA49-4859-8C34-A2B41096BDE6}.Debug|x64.ActiveCfg = Debug|Any CPU
		{3DD3DC43-BA49-4859-8C34-A2B41096BDE6}.Debug|x64.Build.0 = Debug|Any CPU
		{3DD3DC43-BA49-4859-8C34-A2B41096BDE6}.Debug|x86.ActiveCfg = Debug|Any CPU
		{3DD3DC43-BA49-4859-8C34-A2B41096BDE6}.Debug|x86.Build.0 = Debug|Any CPU
		{3DD3DC43-BA49-4859-8C34-A2B41096BDE6}.Release|Any CPU.ActiveCfg = Release|Any CPU
		{3DD3DC43-BA49-4859-8C34-A2B41096BDE6}.Release|Any CPU.Build.0 = Release|Any CPU
		{3DD3DC43-BA49-4859-8C34-A2B41096BDE6}.Release|x64.ActiveCfg = Release|Any CPU
		{3DD3DC43-BA49-4859-8C34-A2B41096BDE6}.Release|x64.Build.0 = Release|Any CPU
		{3DD3DC43-BA49-4859-8C34-A2B41096BDE6}.Release|x86.ActiveCfg = Release|Any CPU
		{3DD3DC43-BA49-4859-8C34-A2B41096BDE6}.Release|x86.Build.0 = Release|Any CPU
		{49E34C24-0920-41DF-BC8D-3791830863CA}.Debug|Any CPU.ActiveCfg = Debug|Any CPU
		{49E34C24-0920-41DF-BC8D-3791830863CA}.Debug|Any CPU.Build.0 = Debug|Any CPU
		{49E34C24-0920-41DF-BC8D-3791830863CA}.Debug|x64.ActiveCfg = Debug|Any CPU
		{49E34C24-0920-41DF-BC8D-3791830863CA}.Debug|x64.Build.0 = Debug|Any CPU
		{49E34C24-0920-41DF-BC8D-3791830863CA}.Debug|x86.ActiveCfg = Debug|Any CPU
		{49E34C24-0920-41DF-BC8D-3791830863CA}.Debug|x86.Build.0 = Debug|Any CPU
		{49E34C24-0920-41DF-BC8D-3791830863CA}.Release|Any CPU.ActiveCfg = Release|Any CPU
		{49E34C24-0920-41DF-BC8D-3791830863CA}.Release|Any CPU.Build.0 = Release|Any CPU
		{49E34C24-0920-41DF-BC8D-3791830863CA}.Release|x64.ActiveCfg = Release|Any CPU
		{49E34C24-0920-41DF-BC8D-3791830863CA}.Release|x64.Build.0 = Release|Any CPU
		{49E34C24-0920-41DF-BC8D-3791830863CA}.Release|x86.ActiveCfg = Release|Any CPU
		{49E34C24-0920-41DF-BC8D-3791830863CA}.Release|x86.Build.0 = Release|Any CPU
		{DA39FB0C-84B3-4948-94C5-D292743BEC5D}.Debug|Any CPU.ActiveCfg = Debug|Any CPU
		{DA39FB0C-84B3-4948-94C5-D292743BEC5D}.Debug|Any CPU.Build.0 = Debug|Any CPU
		{DA39FB0C-84B3-4948-94C5-D292743BEC5D}.Debug|x64.ActiveCfg = Debug|Any CPU
		{DA39FB0C-84B3-4948-94C5-D292743BEC5D}.Debug|x64.Build.0 = Debug|Any CPU
		{DA39FB0C-84B3-4948-94C5-D292743BEC5D}.Debug|x86.ActiveCfg = Debug|Any CPU
		{DA39FB0C-84B3-4948-94C5-D292743BEC5D}.Debug|x86.Build.0 = Debug|Any CPU
		{DA39FB0C-84B3-4948-94C5-D292743BEC5D}.Release|Any CPU.ActiveCfg = Release|Any CPU
		{DA39FB0C-84B3-4948-94C5-D292743BEC5D}.Release|Any CPU.Build.0 = Release|Any CPU
		{DA39FB0C-84B3-4948-94C5-D292743BEC5D}.Release|x64.ActiveCfg = Release|Any CPU
		{DA39FB0C-84B3-4948-94C5-D292743BEC5D}.Release|x64.Build.0 = Release|Any CPU
		{DA39FB0C-84B3-4948-94C5-D292743BEC5D}.Release|x86.ActiveCfg = Release|Any CPU
		{DA39FB0C-84B3-4948-94C5-D292743BEC5D}.Release|x86.Build.0 = Release|Any CPU
		{B89B1568-580F-4E77-AF4E-8E6F1B181A3D}.Debug|Any CPU.ActiveCfg = Debug|Any CPU
		{B89B1568-580F-4E77-AF4E-8E6F1B181A3D}.Debug|Any CPU.Build.0 = Debug|Any CPU
		{B89B1568-580F-4E77-AF4E-8E6F1B181A3D}.Debug|x64.ActiveCfg = Debug|Any CPU
		{B89B1568-580F-4E77-AF4E-8E6F1B181A3D}.Debug|x64.Build.0 = Debug|Any CPU
		{B89B1568-580F-4E77-AF4E-8E6F1B181A3D}.Debug|x86.ActiveCfg = Debug|Any CPU
		{B89B1568-580F-4E77-AF4E-8E6F1B181A3D}.Debug|x86.Build.0 = Debug|Any CPU
		{B89B1568-580F-4E77-AF4E-8E6F1B181A3D}.Release|Any CPU.ActiveCfg = Release|Any CPU
		{B89B1568-580F-4E77-AF4E-8E6F1B181A3D}.Release|Any CPU.Build.0 = Release|Any CPU
		{B89B1568-580F-4E77-AF4E-8E6F1B181A3D}.Release|x64.ActiveCfg = Release|Any CPU
		{B89B1568-580F-4E77-AF4E-8E6F1B181A3D}.Release|x64.Build.0 = Release|Any CPU
		{B89B1568-580F-4E77-AF4E-8E6F1B181A3D}.Release|x86.ActiveCfg = Release|Any CPU
		{B89B1568-580F-4E77-AF4E-8E6F1B181A3D}.Release|x86.Build.0 = Release|Any CPU
	EndGlobalSection
	GlobalSection(SolutionProperties) = preSolution
		HideSolutionNode = FALSE
	EndGlobalSection
	GlobalSection(NestedProjects) = preSolution
		{3DD3DC43-BA49-4859-8C34-A2B41096BDE6} = {7183B3F5-016D-4CA3-A1E6-542C1ED46369}
		{49E34C24-0920-41DF-BC8D-3791830863CA} = {7183B3F5-016D-4CA3-A1E6-542C1ED46369}
		{DA39FB0C-84B3-4948-94C5-D292743BEC5D} = {7183B3F5-016D-4CA3-A1E6-542C1ED46369}
		{B89B1568-580F-4E77-AF4E-8E6F1B181A3D} = {7183B3F5-016D-4CA3-A1E6-542C1ED46369}
	EndGlobalSection
	GlobalSection(ExtensibilityGlobals) = postSolution
		SolutionGuid = {DEE3A479-66FA-49B0-B1B8-BD9843DEA3D7}
	EndGlobalSection
EndGlobal
