
Microsoft Visual Studio Solution File, Format Version 12.00
# Visual Studio Version 16
VisualStudioVersion = 16.0.30907.101
MinimumVisualStudioVersion = 10.0.40219.1
Project("{9A19103F-16F7-4668-BE54-9A1E7A4F7556}") = "Analysis.Tests", "Analysis.Tests\Analysis.Tests.csproj", "{A08AA65C-7E2F-4935-A112-528AF3ACDA8E}"
EndProject
Project("{9A19103F-16F7-4668-BE54-9A1E7A4F7556}") = "Analysis", "Analysis\Analysis.csproj", "{DE8C0738-1B77-48F1-B8D8-B4AEAFEEF158}"
EndProject
Project("{9A19103F-16F7-4668-BE54-9A1E7A4F7556}") = "Benchmark", "Benchmark\Benchmark.csproj", "{2965D962-1FF3-4CC7-BA04-CB1300462AEA}"
EndProject
Project("{FAE04EC0-301F-11D3-BF4B-00C04F79EFBC}") = "CompressedReplayCreator", "CompressedReplayCreator\CompressedReplayCreator.csproj", "{09034D61-12E7-4F30-B9D5-32B1E4747FC2}"
EndProject
Global
	GlobalSection(SolutionConfigurationPlatforms) = preSolution
		Debug|Any CPU = Debug|Any CPU
		Release|Any CPU = Release|Any CPU
	EndGlobalSection
	GlobalSection(ProjectConfigurationPlatforms) = postSolution
		{A08AA65C-7E2F-4935-A112-528AF3ACDA8E}.Debug|Any CPU.ActiveCfg = Debug|Any CPU
		{A08AA65C-7E2F-4935-A112-528AF3ACDA8E}.Debug|Any CPU.Build.0 = Debug|Any CPU
		{A08AA65C-7E2F-4935-A112-528AF3ACDA8E}.Release|Any CPU.ActiveCfg = Release|Any CPU
		{A08AA65C-7E2F-4935-A112-528AF3ACDA8E}.Release|Any CPU.Build.0 = Release|Any CPU
		{DE8C0738-1B77-48F1-B8D8-B4AEAFEEF158}.Debug|Any CPU.ActiveCfg = Debug|Any CPU
		{DE8C0738-1B77-48F1-B8D8-B4AEAFEEF158}.Debug|Any CPU.Build.0 = Debug|Any CPU
		{DE8C0738-1B77-48F1-B8D8-B4AEAFEEF158}.Release|Any CPU.ActiveCfg = Release|Any CPU
		{DE8C0738-1B77-48F1-B8D8-B4AEAFEEF158}.Release|Any CPU.Build.0 = Release|Any CPU
		{2965D962-1FF3-4CC7-BA04-CB1300462AEA}.Debug|Any CPU.ActiveCfg = Debug|Any CPU
		{2965D962-1FF3-4CC7-BA04-CB1300462AEA}.Debug|Any CPU.Build.0 = Debug|Any CPU
		{2965D962-1FF3-4CC7-BA04-CB1300462AEA}.Release|Any CPU.ActiveCfg = Release|Any CPU
		{2965D962-1FF3-4CC7-BA04-CB1300462AEA}.Release|Any CPU.Build.0 = Release|Any CPU
		{09034D61-12E7-4F30-B9D5-32B1E4747FC2}.Debug|Any CPU.ActiveCfg = Debug|Any CPU
		{09034D61-12E7-4F30-B9D5-32B1E4747FC2}.Debug|Any CPU.Build.0 = Debug|Any CPU
		{09034D61-12E7-4F30-B9D5-32B1E4747FC2}.Release|Any CPU.ActiveCfg = Release|Any CPU
		{09034D61-12E7-4F30-B9D5-32B1E4747FC2}.Release|Any CPU.Build.0 = Release|Any CPU
	EndGlobalSection
	GlobalSection(SolutionProperties) = preSolution
		HideSolutionNode = FALSE
	EndGlobalSection
	GlobalSection(ExtensibilityGlobals) = postSolution
		SolutionGuid = {DEE3A479-66FA-49B0-B1B8-BD9843DEA3D7}
	EndGlobalSection
EndGlobal
